
Microsoft Visual Studio Solution File, Format Version 12.00
# Visual Studio Version 17
VisualStudioVersion = 17.0.31903.59
MinimumVisualStudioVersion = 10.0.40219.1
Project("{FAE04EC0-301F-11D3-BF4B-00C04F79EFBC}") = "CodeCube.Azure.ServiceBus.Attachements", "src\CodeCube.Azure.ServiceBus.Attachements\CodeCube.Azure.ServiceBus.Attachements.csproj", "{F8676A7F-FCD5-40D6-90F2-737D79805A33}"
EndProject
Project("{FAE04EC0-301F-11D3-BF4B-00C04F79EFBC}") = "CodeCube.Azure.ServiceBus.Attachements.Tests", "tests\CodeCube.Azure.ServiceBus.Attachements.Tests\CodeCube.Azure.ServiceBus.Attachements.Tests.csproj", "{6B88468C-2C50-4919-BCBD-9ED2D2A8E210}"
EndProject
Global
	GlobalSection(SolutionConfigurationPlatforms) = preSolution
		Debug|Any CPU = Debug|Any CPU
		Release|Any CPU = Release|Any CPU
	EndGlobalSection
	GlobalSection(ProjectConfigurationPlatforms) = postSolution
		{F8676A7F-FCD5-40D6-90F2-737D79805A33}.Debug|Any CPU.ActiveCfg = Debug|Any CPU
		{F8676A7F-FCD5-40D6-90F2-737D79805A33}.Debug|Any CPU.Build.0 = Debug|Any CPU
		{F8676A7F-FCD5-40D6-90F2-737D79805A33}.Release|Any CPU.ActiveCfg = Release|Any CPU
		{F8676A7F-FCD5-40D6-90F2-737D79805A33}.Release|Any CPU.Build.0 = Release|Any CPU
		{6B88468C-2C50-4919-BCBD-9ED2D2A8E210}.Debug|Any CPU.ActiveCfg = Debug|Any CPU
		{6B88468C-2C50-4919-BCBD-9ED2D2A8E210}.Debug|Any CPU.Build.0 = Debug|Any CPU
		{6B88468C-2C50-4919-BCBD-9ED2D2A8E210}.Release|Any CPU.ActiveCfg = Release|Any CPU
		{6B88468C-2C50-4919-BCBD-9ED2D2A8E210}.Release|Any CPU.Build.0 = Release|Any CPU
	EndGlobalSection
	GlobalSection(SolutionProperties) = preSolution
		HideSolutionNode = FALSE
	EndGlobalSection
	GlobalSection(ExtensibilityGlobals) = postSolution
		SolutionGuid = {6675EE87-F39B-49D5-B610-AED9DA7E426C}
	EndGlobalSection
EndGlobal
